<Solution>
  <Project Path="EducationProject.Contracts/EducationProject.Contracts.csproj" Id="5de4b8e9-1f51-428a-ae91-401c02f63c4c" />
  <Project Path="EducationProject.Core/EducationProject.Core.csproj" />
  <Project Path="EducationProject.Infrastructure/EducationProject.Infrastructure.csproj" Id="16d20c53-3b4b-4c2d-b82e-6643205bf1f7" />
  <Project Path="EducationProject/EducationProject.API.csproj" />
</Solution>
